{
    "_meta": {
        "hash": {
            "sha256": "90cd557a6db85c64c098f33a1d121673432568c530847971ca15a1db7336f47a"
        },
        "pipfile-spec": 6,
        "requires": {
            "python_version": "3.6"
        },
        "sources": [
            {
                "name": "pypi",
                "url": "https://pypi.org/simple",
                "verify_ssl": true
            }
        ]
    },
    "default": {
        "confluent-kafka": {
            "hashes": [
                "sha256:0043e55c7763f8c9658e46545a21a01dc42208f4d0c6b1c293a21c3ed564c9f6",
                "sha256:0960a6281f127913b5f204442467a16974037f8447b42f1345f0c50305be48d3",
                "sha256:2fb24f7ec787b4d352a66c9298df3374f0f240d54ddafeb6714ee439c2c18ab8",
                "sha256:366dcda5f5e895351572c4a6db5bb072ea0868e08180f22ae1fd0da9b05bdcf0",
                "sha256:37c33b0ded017a1959a90ec4fb13f4236876a5e6e7b6ec898a1d880f2b095d8d",
                "sha256:3c53df7cd25855c46bc3c88e1331e5efc1910f452ed4a5c400a9579acac9057a",
                "sha256:3c78b23239a041dfc0cbdb0a12ce9734696291f7358afcc0b721809ca2bb3301",
                "sha256:4a7d41c896a2230f9d3682bc860c9296d62bcafbd82d65643873822bc5ca977b",
                "sha256:57b0bf04c9fdc1c49d9c2673c57a8ecfc08476b250601787fd7d175a5c444afd",
                "sha256:5d35b0160b54a52598f4f8fbb4a790f00d190a925034d6c97755c5be3ebb26a1",
                "sha256:6a8eb66ca218ebf6852296830218e3bc9df982acef21a57c4bf468f6f8481d9c",
                "sha256:6e7f683afc32cdc8db927df1e54a767e08a7c3cb35246f9b77c64a2ee48afacf",
                "sha256:709f0a51cccb2b30c9046ade8099404c1f8f6ae0cf8c9b03bbd6e8957bf89439",
                "sha256:70f9cffca40cfacdf9cbc5f0bbfb5bf484d993f1c75dd76b554635daac97de63",
                "sha256:75a1c1ffd0b777714d3b2fe97874d7b21b1a17a6f726e711a1bc1446d8f9fda6",
                "sha256:7745bcfabcc00f2c6d3391c6dda6e86d9386265fb183c75936a7a9571b1f470f",
                "sha256:7912b1b8cf84af8d0e530d746356752e1ca6f8b08c59d64f4fa7457fbd7f556f",
                "sha256:7d49bd472e3776706dc1ed60139fcc84a2f39097f0c6d9ae3f8a56e524a0ed6b",
                "sha256:8282a33beba177f4026158848d2ae633132e88214a406d6c6b4ceeffe752f878",
                "sha256:96348187a407603fdc43a6bb93c67962b0f098813ae6ee14e79a63937a3b0c11",
                "sha256:a7427944af963410479c2aaae27cc9d28db39c9a93299f14dcf16df80092c63a",
                "sha256:bf3efdb3418eb98a3eb6f32b20e3455c180d2208f5a8ef82c1021c1c2aeb54ed",
                "sha256:c1fa55b97a56298a29e794c84681258d9e4a703b2c2d0411cae7e5016fb7adfd",
                "sha256:cd13400d07d7f51c2f7b6d5b97986bf15ab3de6fdbac815acfac6ad70d54161f",
                "sha256:d23e0fe4c60f45dc84af849c2d832658e11fb0383f3e005d4ebaa7938813a232",
                "sha256:dbd110669d524835a728ba2df7cda048e21c65be34860fff7933509119c95ef8"
            ],
            "index": "pypi",
            "version": "==1.0.0"
        }
    },
    "develop": {
        "appdirs": {
            "hashes": [
                "sha256:9e5896d1372858f8dd3344faf4e5014d21849c756c8d5701f78f8a103b372d92",
                "sha256:d8b24664561d0d34ddfaec54636d502d7cea6e29c3eaf68f3df6180863e2166e"
            ],
            "version": "==1.4.3"
        },
        "attrs": {
            "hashes": [
                "sha256:69c0dbf2ed392de1cb5ec704444b08a5ef81680a61cb899dc08127123af36a79",
                "sha256:f0b870f674851ecbfbbbd364d6b5cbdff9dcedbc7f3f5e18a6891057f21fe399"
            ],
            "version": "==19.1.0"
        },
        "black": {
            "hashes": [
                "sha256:09a9dcb7c46ed496a9850b76e4e825d6049ecd38b611f1224857a79bd985a8cf",
                "sha256:68950ffd4d9169716bcb8719a56c07a2f4485354fec061cdd5910aa07369731c"
            ],
            "index": "pypi",
            "version": "==19.3b0"
        },
        "click": {
            "hashes": [
                "sha256:2335065e6395b9e67ca716de5f7526736bfa6ceead690adf616d925bdc622b13",
                "sha256:5b94b49521f6456670fdb30cd82a4eca9412788a93fa6dd6df72c94d5a8ff2d7"
            ],
            "version": "==7.0"
        },
        "isort": {
            "hashes": [
                "sha256:c40744b6bc5162bbb39c1257fe298b7a393861d50978b565f3ccd9cb9de0182a",
                "sha256:f57abacd059dc3bd666258d1efb0377510a89777fda3e3274e3c01f7c03ae22d"
            ],
            "index": "pypi",
            "version": "==4.3.20"
        },
        "toml": {
            "hashes": [
                "sha256:229f81c57791a41d65e399fc06bf0848bab550a9dfd5ed66df18ce5f05e73d5c",
                "sha256:235682dd292d5899d361a811df37e04a8828a5b1da3115886b73cf81ebc9100e"
            ],
            "version": "==0.10.0"
        }
    }
}
